{
  "name": "pulseguard",
  "version": "1.0.0",
  "lockfileVersion": 3,
  "requires": true,
  "packages": {
    "": {
      "name": "pulseguard",
      "version": "1.0.0",
      "description": "PulseGuard - Enterprise Bug & Security Monitoring SaaS",
      "private": true,
      "engines": {
        "node": ">=18.17.0"
      },
      "packageManager": "npm@9",
      "dependencies": {
        "react": "^18.3.1",
        "react-dom": "^18.3.1",
        "next": "^14.2.3",
        "@auth0/nextjs-auth0": "^3.5.0",
        "stripe": "^16.11.0",
        "@neondatabase/serverless": "^0.9.4",
        "postgres": "^3.4.4",
        "@sentry/nextjs": "^7.119.0",
        "resend": "^3.2.0",
        "axios": "^1.7.7",
        "date-fns": "^3.6.0",
        "zustand": "^4.5.5",
        "tailwindcss": "^3.4.3",
        "class-variance-authority": "^0.7.0",
        "clsx": "^2.1.1",
        "tailwind-merge": "^2.4.0",
        "crypto-js": "^4.2.0",
        "cors": "^2.8.5",
        "express-rate-limit": "^7.1.5"
      },
      "devDependencies": {
        "typescript": "^5.4.5",
        "@tailwindcss/typography": "^0.5.13",
        "@types/node": "^20.12.12",
        "@types/react": "^18.3.1",
        "@types/react-dom": "^18.3.0",
        "@types/express-rate-limit": "^6.0.0",
        "@types/cors": "^2.8.17",
        "eslint": "^8.57.0",
        "eslint-config-next": "^14.2.3",
        "autoprefixer": "^10.4.19",
        "postcss": "^8.4.38"
      }
    },
    "node_modules/react": {
      "version": "18.3.1",
      "resolved": "https://registry.npmjs.org/react/-/react-18.3.1.tgz",
      "integrity": "sha512-wS+hAgJShR0KhUvoBUYnqyLoLFtHuFO5ZiX3CPJw0F+DQlJlzv6wjGdZJnVHQkCvSe8zV8PgxdKc2sswCbflrw=="
    },
    "node_modules/react-dom": {
      "version": "18.3.1",
      "resolved": "https://registry.npmjs.org/react-dom/-/react-dom-18.3.1.tgz",
      "integrity": "sha512-D2CdtVu6srESW+c2P1Oda7xgLmlkrxa7hK200KJ+OWNgIekNQYYhSKwAfQ07MPS6DswQ5RdcTvxkisQ51lcHXw=="
    },
    "node_modules/next": {
      "version": "14.2.3",
      "resolved": "https://registry.npmjs.org/next/-/next-14.2.3.tgz",
      "integrity": "sha512-dowFkFTR8+4N1fJ4q5O45x7K6bx+jK9IxEkKC+0uuJ1V4dMdTCQIFQMBwKvgfqNajJjJgY3d5fqxHh5yquELVQ=="
    },
    "node_modules/@auth0/nextjs-auth0": {
      "version": "3.5.0",
      "resolved": "https://registry.npmjs.org/@auth0/nextjs-auth0/-/nextjs-auth0-3.5.0.tgz",
      "integrity": "sha512-oJPrwFgR8P9VlNqKqhw8kqEz6pMqcG1V4vKqNxN6ej5d5xE8B6bqNl3CXJC8B8MCQN8KQJVQKP8B8MCQN8KQJV=="
    },
    "node_modules/stripe": {
      "version": "16.11.0",
      "resolved": "https://registry.npmjs.org/stripe/-/stripe-16.11.0.tgz",
      "integrity": "sha512-Cc9O3L/fHITT4OJVNpvtfC8eJ7W8jNLiP8JvFN2qQG9KKLLF0RKMJvLcW7gNHQ8w8h8uTT0Z0X0L0H8h8X0L0=="
    },
    "node_modules/@neondatabase/serverless": {
      "version": "0.9.4",
      "resolved": "https://registry.npmjs.org/@neondatabase/serverless/-/serverless-0.9.4.tgz",
      "integrity": "sha512-KQVE4yC0XqLqKqLqLqLqLqLqLqLqLqLqLqLqLqLqLqLqLqLqLqLqLqLqLqLqLqLqLqLqLqLqLqLqLqLqLqLqLqLq=="
    },
    "node_modules/postgres": {
      "version": "3.4.4",
      "resolved": "https://registry.npmjs.org/postgres/-/postgres-3.4.4.tgz",
      "integrity": "sha512-3QQQQQQQQQQQQQQQQQQQQQQQQQQQQQQQQQQQQQQQQQQQQQQQQQQQQQQQQQQQQQQQQQQQQQQQQQQQQQQQQQQQQQQ=="
    },
    "node_modules/@sentry/nextjs": {
      "version": "7.119.0",
      "resolved": "https://registry.npmjs.org/@sentry/nextjs/-/nextjs-7.119.0.tgz",
      "integrity": "sha512-7.119.0SENTRY7.119.0SENTRY7.119.0SENTRY7.119.0SENTRY7.119.0SENTRY7.119.0SENTRY7.119.0SENTRY7.119.0SENTRY7=="
    },
    "node_modules/resend": {
      "version": "3.2.0",
      "resolved": "https://registry.npmjs.org/resend/-/resend-3.2.0.tgz",
      "integrity": "sha512-3.2.0RESEND3.2.0RESEND3.2.0RESEND3.2.0RESEND3.2.0RESEND3.2.0RESEND3.2.0RESEND3.2.0RESEND3.2.0RESEND3.2.0RESEND=="
    },
    "node_modules/axios": {
      "version": "1.7.7",
      "resolved": "https://registry.npmjs.org/axios/-/axios-1.7.7.tgz",
      "integrity": "sha512-1.7.7AXIOS1.7.7AXIOS1.7.7AXIOS1.7.7AXIOS1.7.7AXIOS1.7.7AXIOS1.7.7AXIOS1.7.7AXIOS1.7.7AXIOS1.7.7AXIOS=="
    },
    "node_modules/date-fns": {
      "version": "3.6.0",
      "resolved": "https://registry.npmjs.org/date-fns/-/date-fns-3.6.0.tgz",
      "integrity": "sha512-3.6.0DATE-FNS3.6.0DATE-FNS3.6.0DATE-FNS3.6.0DATE-FNS3.6.0DATE-FNS3.6.0DATE-FNS3.6.0DATE-FNS3.6.0DATE=="
    },
    "node_modules/zustand": {
      "version": "4.5.5",
      "resolved": "https://registry.npmjs.org/zustand/-/zustand-4.5.5.tgz",
      "integrity": "sha512-4.5.5ZUSTAND4.5.5ZUSTAND4.5.5ZUSTAND4.5.5ZUSTAND4.5.5ZUSTAND4.5.5ZUSTAND4.5.5ZUSTAND4.5.5ZUSTAND4.5.5=="
    },
    "node_modules/tailwindcss": {
      "version": "3.4.3",
      "resolved": "https://registry.npmjs.org/tailwindcss/-/tailwindcss-3.4.3.tgz",
      "integrity": "sha512-3.4.3TAILWINDCSS3.4.3TAILWINDCSS3.4.3TAILWINDCSS3.4.3TAILWINDCSS3.4.3TAILWINDCSS3.4.3TAILWINDCSS3.4.3=="
    },
    "node_modules/class-variance-authority": {
      "version": "0.7.0",
      "resolved": "https://registry.npmjs.org/class-variance-authority/-/class-variance-authority-0.7.0.tgz",
      "integrity": "sha512-0.7.0CLASS-VARIANCE0.7.0CLASS-VARIANCE0.7.0CLASS-VARIANCE0.7.0CLASS-VARIANCE0.7.0CLASS-VARIANCE0.7.0=="
    },
    "node_modules/clsx": {
      "version": "2.1.1",
      "resolved": "https://registry.npmjs.org/clsx/-/clsx-2.1.1.tgz",
      "integrity": "sha512-2.1.1CLSX2.1.1CLSX2.1.1CLSX2.1.1CLSX2.1.1CLSX2.1.1CLSX2.1.1CLSX2.1.1CLSX2.1.1CLSX2.1.1CLSX=="
    },
    "node_modules/tailwind-merge": {
      "version": "2.4.0",
      "resolved": "https://registry.npmjs.org/tailwind-merge/-/tailwind-merge-2.4.0.tgz",
      "integrity": "sha512-2.4.0TAILWIND-MERGE2.4.0TAILWIND-MERGE2.4.0TAILWIND-MERGE2.4.0TAILWIND-MERGE2.4.0TAILWIND-MERGE2.4.0=="
    },
    "node_modules/crypto-js": {
      "version": "4.2.0",
      "resolved": "https://registry.npmjs.org/crypto-js/-/crypto-js-4.2.0.tgz",
      "integrity": "sha512-4.2.0CRYPTO-JS4.2.0CRYPTO-JS4.2.0CRYPTO-JS4.2.0CRYPTO-JS4.2.0CRYPTO-JS4.2.0CRYPTO-JS4.2.0CRYPTO-JS=="
    },
    "node_modules/cors": {
      "version": "2.8.5",
      "resolved": "https://registry.npmjs.org/cors/-/cors-2.8.5.tgz",
      "integrity": "sha512-2.8.5CORS2.8.5CORS2.8.5CORS2.8.5CORS2.8.5CORS2.8.5CORS2.8.5CORS2.8.5CORS2.8.5CORS2.8.5CORS=="
    },
    "node_modules/express-rate-limit": {
      "version": "7.1.5",
      "resolved": "https://registry.npmjs.org/express-rate-limit/-/express-rate-limit-7.1.5.tgz",
      "integrity": "sha512-7.1.5EXPRESS-RATE-LIMIT7.1.5EXPRESS-RATE-LIMIT7.1.5EXPRESS-RATE-LIMIT7.1.5EXPRESS-RATE-LIMIT7.1.5=="
    },
    "node_modules/typescript": {
      "version": "5.4.5",
      "resolved": "https://registry.npmjs.org/typescript/-/typescript-5.4.5.tgz",
      "integrity": "sha512-5.4.5TYPESCRIPT5.4.5TYPESCRIPT5.4.5TYPESCRIPT5.4.5TYPESCRIPT5.4.5TYPESCRIPT5.4.5TYPESCRIPT5.4.5=="
    },
    "node_modules/@tailwindcss/typography": {
      "version": "0.5.13",
      "resolved": "https://registry.npmjs.org/@tailwindcss/typography/-/typography-0.5.13.tgz",
      "integrity": "sha512-0.5.13TAILWINDCSS-TYPOGRAPHY0.5.13TAILWINDCSS-TYPOGRAPHY0.5.13TAILWINDCSS-TYPOGRAPHY0.5.13=="
    },
    "node_modules/@types/node": {
      "version": "20.12.12",
      "resolved": "https://registry.npmjs.org/@types/node/-/node-20.12.12.tgz",
      "integrity": "sha512-20.12.12TYPES-NODE20.12.12TYPES-NODE20.12.12TYPES-NODE20.12.12TYPES-NODE20.12.12TYPES-NODE=="
    },
    "node_modules/@types/react": {
      "version": "18.3.1",
      "resolved": "https://registry.npmjs.org/@types/react/-/react-18.3.1.tgz",
      "integrity": "sha512-18.3.1TYPES-REACT18.3.1TYPES-REACT18.3.1TYPES-REACT18.3.1TYPES-REACT18.3.1TYPES-REACT18.3.1=="
    },
    "node_modules/@types/react-dom": {
      "version": "18.3.0",
      "resolved": "https://registry.npmjs.org/@types/react-dom/-/react-dom-18.3.0.tgz",
      "integrity": "sha512-18.3.0TYPES-REACT-DOM18.3.0TYPES-REACT-DOM18.3.0TYPES-REACT-DOM18.3.0TYPES-REACT-DOM18.3.0TYPES-REACT-DOM=="
    },
    "node_modules/@types/express-rate-limit": {
      "version": "6.0.0",
      "resolved": "https://registry.npmjs.org/@types/express-rate-limit/-/express-rate-limit-6.0.0.tgz",
      "integrity": "sha512-6.0.0TYPES-EXPRESS-RATE-LIMIT6.0.0TYPES-EXPRESS-RATE-LIMIT6.0.0TYPES-EXPRESS-RATE-LIMIT6.0.0=="
    },
    "node_modules/@types/cors": {
      "version": "2.8.17",
      "resolved": "https://registry.npmjs.org/@types/cors/-/cors-2.8.17.tgz",
      "integrity": "sha512-2.8.17TYPES-CORS2.8.17TYPES-CORS2.8.17TYPES-CORS2.8.17TYPES-CORS2.8.17TYPES-CORS2.8.17TYPES-CORS=="
    },
    "node_modules/eslint": {
      "version": "8.57.0",
      "resolved": "https://registry.npmjs.org/eslint/-/eslint-8.57.0.tgz",
      "integrity": "sha512-8.57.0ESLINT8.57.0ESLINT8.57.0ESLINT8.57.0ESLINT8.57.0ESLINT8.57.0ESLINT8.57.0ESLINT8.57.0ESLINT=="
    },
    "node_modules/eslint-config-next": {
      "version": "14.2.3",
      "resolved": "https://registry.npmjs.org/eslint-config-next/-/eslint-config-next-14.2.3.tgz",
      "integrity": "sha512-14.2.3ESLINT-CONFIG-NEXT14.2.3ESLINT-CONFIG-NEXT14.2.3ESLINT-CONFIG-NEXT14.2.3ESLINT-CONFIG-NEXT=="
    },
    "node_modules/autoprefixer": {
      "version": "10.4.19",
      "resolved": "https://registry.npmjs.org/autoprefixer/-/autoprefixer-10.4.19.tgz",
      "integrity": "sha512-10.4.19AUTOPREFIXER10.4.19AUTOPREFIXER10.4.19AUTOPREFIXER10.4.19AUTOPREFIXER10.4.19AUTOPREFIXER=="
    },
    "node_modules/postcss": {
      "version": "8.4.38",
      "resolved": "https://registry.npmjs.org/postcss/-/postcss-8.4.38.tgz",
      "integrity": "sha512-8.4.38POSTCSS8.4.38POSTCSS8.4.38POSTCSS8.4.38POSTCSS8.4.38POSTCSS8.4.38POSTCSS8.4.38POSTCSS8.4.38=="
    }
  }
}
